# This file is autogenerated, do not edit; changes may be undone by the next 'dep ensure'.


[[projects]]
  digest = "1:d867dfa6751c8d7a435821ad3b736310c2ed68945d05b50fb9d23aee0540c8cc"
  name = "github.com/Sirupsen/logrus"
  packages = ["."]
  pruneopts = "UT"
  revision = "3e01752db0189b9157070a0e1668a620f9a85da2"
  version = "v1.0.6"

[[projects]]
  branch = "master"
  digest = "1:2c00f064ba355903866cbfbf3f7f4c0fe64af6638cc7d1b8bdcf3181bc67f1d8"
  name = "github.com/btcsuite/btcd"
  packages = ["btcec"]
  pruneopts = "UT"
  revision = "79e00513b1011888b1e675157ab89f527f901cae"

[[projects]]
  digest = "1:e361cb646a33874cf6521b5c4e77c9208b4b58c7fd3893b8c87f61f49b19d991"
  name = "github.com/caarlos0/env"
  packages = ["."]
  pruneopts = "UT"
  revision = "1cddc31c48c56ecd700d873edb9fd5b6f5df922a"
  version = "v3.3.0"

[[projects]]
  digest = "1:c166378e8ab0f794f293dfb941d250dd70b035b05dec58879f717621d0fe1714"
  name = "github.com/deckarep/golang-set"
  packages = ["."]
  pruneopts = "UT"
  revision = "1d4478f51bed434f1dadf96dcd9b43aabac66795"
  version = "v1.7"

[[projects]]
  digest = "1:d670c508dc01984c721d0d968936412e3edcd8ca58caf82fcfd0df9044013a0f"
  name = "github.com/ethereum/go-ethereum"
  packages = [
    ".",
    "common",
    "common/hexutil",
    "common/math",
    "core/types",
    "crypto",
    "crypto/secp256k1",
    "crypto/sha3",
    "ethclient",
    "ethdb",
    "log",
    "metrics",
    "p2p/netutil",
    "params",
    "rlp",
    "rpc",
    "trie",
  ]
  pruneopts = "T"
  revision = "316fc7ecfc10d06603f1358c1f4c1020ec36dd2a"
  version = "v1.8.14"

[[projects]]
  digest = "1:586ea76dbd0374d6fb649a91d70d652b7fe0ccffb8910a77468e7702e7901f3d"
  name = "github.com/go-stack/stack"
  packages = ["."]
  pruneopts = "UT"
  revision = "2fee6af1a9795aafbe0253a0cfbdf668e1fb8a9a"
  version = "v1.8.0"

[[projects]]
  branch = "master"
  digest = "1:4a0c6bb4805508a6287675fac876be2ac1182539ca8a32468d8128882e9d5009"
  name = "github.com/golang/snappy"
  packages = ["."]
  pruneopts = "UT"
  revision = "2e65f85255dbc3072edf28d6b5b8efc472979f5a"

[[projects]]
  digest = "1:0b8dd7447e420afff0260179dc892711e837edd1d446bc78dab924624a3c3c81"
  name = "github.com/rs/cors"
  packages = ["."]
  pruneopts = "UT"
  revision = "3fb1b69b103a84de38a19c3c6ec073dd6caa4d3f"
  version = "v1.5.0"

[[projects]]
  branch = "master"
  digest = "1:f2ffd421680b0a3f7887501b3c6974bcf19217ecd301d0e2c9b681940ec363d5"
  name = "github.com/syndtr/goleveldb"
  packages = [
    "leveldb",
    "leveldb/cache",
    "leveldb/comparer",
    "leveldb/errors",
    "leveldb/filter",
    "leveldb/iterator",
    "leveldb/journal",
    "leveldb/memdb",
    "leveldb/opt",
    "leveldb/storage",
    "leveldb/table",
    "leveldb/util",
  ]
  pruneopts = "UT"
  revision = "ae2bd5eed72d46b28834ec3f60db3a3ebedd8dbd"

[[projects]]
  branch = "master"
  digest = "1:3f3a05ae0b95893d90b9b3b5afdb79a9b3d96e4e36e099d841ae602e4aca0da8"
  name = "golang.org/x/crypto"
  packages = ["ssh/terminal"]
  pruneopts = "UT"
  revision = "614d502a4dac94afa3a6ce146bd1736da82514c6"

[[projects]]
  branch = "master"
  digest = "1:7427036b6d926b3d1fa0773771820735b35554a98296f1074df440ee30a97296"
  name = "golang.org/x/net"
  packages = ["websocket"]
  pruneopts = "UT"
  revision = "8a410e7b638dca158bf9e766925842f6651ff828"

[[projects]]
  branch = "master"
  digest = "1:9c99029818a3d4f53bcfd6c0158ca068aeacfecb29283f82a1f9c79b8d2a7da4"
  name = "golang.org/x/sys"
  packages = [
    "unix",
    "windows",
  ]
  pruneopts = "UT"
  revision = "d99a578cf41bfccdeaf48b0845c823a4b8b0ad5e"

[[projects]]
  branch = "v2"
  digest = "1:0a2f4b974a413866afa1b41130d756643841fb9ad661b81c9a6dd9f1364ed19f"
  name = "gopkg.in/karalabe/cookiejar.v2"
  packages = ["collections/prque"]
  pruneopts = "UT"
  revision = "8dcd6a7f4951f6ff3ee9cbb919a06d8925822e57"

[[projects]]
  branch = "v2"
  digest = "1:3d3f9391ab615be8655ae0d686a1564f3fec413979bb1aaf018bac1ec1bb1cc7"
  name = "gopkg.in/natefinch/npipe.v2"
  packages = ["."]
  pruneopts = "UT"
  revision = "c1b8fa8bdccecb0b8db834ee0b92fdbcfa606dd6"

[solve-meta]
  analyzer-name = "dep"
  analyzer-version = 1
  input-imports = [
    "github.com/Sirupsen/logrus",
    "github.com/caarlos0/env",
    "github.com/ethereum/go-ethereum/common",
    "github.com/ethereum/go-ethereum/core/types",
    "github.com/ethereum/go-ethereum/crypto",
    "github.com/ethereum/go-ethereum/ethclient",
  ]
  solver-name = "gps-cdcl"
  solver-version = 1
